// !$*UTF8*$!
{
	archiveVersion = 1;
	classes = {
	};
	objectVersion = 55;
	objects = {

/* Begin PBXBuildFile section */
		7D46D619279BBA3300478EEE /* AppDelegate.swift in Sources */ = {isa = PBXBuildFile; fileRef = 7D46D618279BBA3300478EEE /* AppDelegate.swift */; };
		7D46D61D279BBA3300478EEE /* ViewController.swift in Sources */ = {isa = PBXBuildFile; fileRef = 7D46D61C279BBA3300478EEE /* ViewController.swift */; };
		7D46D620279BBA3300478EEE /* Main.storyboard in Resources */ = {isa = PBXBuildFile; fileRef = 7D46D61E279BBA3300478EEE /* Main.storyboard */; };
		7D46D622279BBA3400478EEE /* Assets.xcassets in Resources */ = {isa = PBXBuildFile; fileRef = 7D46D621279BBA3400478EEE /* Assets.xcassets */; };
		7D46D625279BBA3400478EEE /* LaunchScreen.storyboard in Resources */ = {isa = PBXBuildFile; fileRef = 7D46D623279BBA3400478EEE /* LaunchScreen.storyboard */; };
		7D46D630279BBA3400478EEE /* flickr_image_searchTests.swift in Sources */ = {isa = PBXBuildFile; fileRef = 7D46D62F279BBA3400478EEE /* flickr_image_searchTests.swift */; };
		7D46D650279BBFF700478EEE /* SearchAPI.swift in Sources */ = {isa = PBXBuildFile; fileRef = 7D46D64F279BBFF700478EEE /* SearchAPI.swift */; };
		7D46D655279BC96600478EEE /* APIClient.swift in Sources */ = {isa = PBXBuildFile; fileRef = 7D46D654279BC96600478EEE /* APIClient.swift */; };
		7D46D657279BC98800478EEE /* APIClientProtocol.swift in Sources */ = {isa = PBXBuildFile; fileRef = 7D46D656279BC98800478EEE /* APIClientProtocol.swift */; };
		7D46D65A279BC9B100478EEE /* APIError.swift in Sources */ = {isa = PBXBuildFile; fileRef = 7D46D659279BC9B100478EEE /* APIError.swift */; };
		7D46D65D279BC9E100478EEE /* Closures.swift in Sources */ = {isa = PBXBuildFile; fileRef = 7D46D65C279BC9E100478EEE /* Closures.swift */; };
		7D46D662279BCACE00478EEE /* URL+QueryItem.swift in Sources */ = {isa = PBXBuildFile; fileRef = 7D46D661279BCACE00478EEE /* URL+QueryItem.swift */; };
		7D46D664279BCB5200478EEE /* APIClient+SearchAPI.swift in Sources */ = {isa = PBXBuildFile; fileRef = 7D46D663279BCB5200478EEE /* APIClient+SearchAPI.swift */; };
		7D46D666279BD0AD00478EEE /* SearchServiceProtocol.swift in Sources */ = {isa = PBXBuildFile; fileRef = 7D46D665279BD0AD00478EEE /* SearchServiceProtocol.swift */; };
		7D46D668279BD0CD00478EEE /* SearchService.swift in Sources */ = {isa = PBXBuildFile; fileRef = 7D46D667279BD0CD00478EEE /* SearchService.swift */; };
		7D46D66D279BD53800478EEE /* SearchViewController.swift in Sources */ = {isa = PBXBuildFile; fileRef = 7D46D66B279BD53800478EEE /* SearchViewController.swift */; };
		7D46D66E279BD53800478EEE /* SearchViewController.xib in Resources */ = {isa = PBXBuildFile; fileRef = 7D46D66C279BD53800478EEE /* SearchViewController.xib */; };
		7D46D672279BD63100478EEE /* UICollectionViewCell+Nib.swift in Sources */ = {isa = PBXBuildFile; fileRef = 7D46D671279BD63100478EEE /* UICollectionViewCell+Nib.swift */; };
		7D46D674279BD74F00478EEE /* SearchViewModelProtocol.swift in Sources */ = {isa = PBXBuildFile; fileRef = 7D46D673279BD74F00478EEE /* SearchViewModelProtocol.swift */; };
		7D46D676279BD8DD00478EEE /* SearchViewModel.swift in Sources */ = {isa = PBXBuildFile; fileRef = 7D46D675279BD8DD00478EEE /* SearchViewModel.swift */; };
		7D46D678279BDB0700478EEE /* SearchPhotosResponse.swift in Sources */ = {isa = PBXBuildFile; fileRef = 7D46D677279BDB0700478EEE /* SearchPhotosResponse.swift */; };
		7D46D67D279BE7BA00478EEE /* SearchPhotoCollectionViewCell.swift in Sources */ = {isa = PBXBuildFile; fileRef = 7D46D67B279BE7BA00478EEE /* SearchPhotoCollectionViewCell.swift */; };
		7D46D67E279BE7BA00478EEE /* SearchPhotoCollectionViewCell.xib in Resources */ = {isa = PBXBuildFile; fileRef = 7D46D67C279BE7BA00478EEE /* SearchPhotoCollectionViewCell.xib */; };
		7D46D681279BE7D700478EEE /* SearchPhotoViewModelProtocol.swift in Sources */ = {isa = PBXBuildFile; fileRef = 7D46D680279BE7D700478EEE /* SearchPhotoViewModelProtocol.swift */; };
		7D46D683279BE81700478EEE /* SearchPhotoViewModel.swift in Sources */ = {isa = PBXBuildFile; fileRef = 7D46D682279BE81700478EEE /* SearchPhotoViewModel.swift */; };
		7D46D686279BE9FF00478EEE /* Array+Index.swift in Sources */ = {isa = PBXBuildFile; fileRef = 7D46D685279BE9FF00478EEE /* Array+Index.swift */; };
		7D46D68A279C03D300478EEE /* SearchPhotoRequestParameters.swift in Sources */ = {isa = PBXBuildFile; fileRef = 7D46D689279C03D300478EEE /* SearchPhotoRequestParameters.swift */; };
		7D46D68E279C0C6200478EEE /* Encodable+JSON.swift in Sources */ = {isa = PBXBuildFile; fileRef = 7D46D68D279C0C6200478EEE /* Encodable+JSON.swift */; };
		EF6CE7387BF618979D648902 /* Pods_flickr_image_search.framework in Frameworks */ = {isa = PBXBuildFile; fileRef = EBF8FF275144BB62118112BB /* Pods_flickr_image_search.framework */; };
/* End PBXBuildFile section */

/* Begin PBXContainerItemProxy section */
		7D46D62C279BBA3400478EEE /* PBXContainerItemProxy */ = {
			isa = PBXContainerItemProxy;
			containerPortal = 7D46D60D279BBA3300478EEE /* Project object */;
			proxyType = 1;
			remoteGlobalIDString = 7D46D614279BBA3300478EEE;
			remoteInfo = "flickr-image-search";
		};
		7D46D636279BBA3400478EEE /* PBXContainerItemProxy */ = {
			isa = PBXContainerItemProxy;
			containerPortal = 7D46D60D279BBA3300478EEE /* Project object */;
			proxyType = 1;
			remoteGlobalIDString = 7D46D614279BBA3300478EEE;
			remoteInfo = "flickr-image-search";
		};
/* End PBXContainerItemProxy section */

/* Begin PBXFileReference section */
		076C50F1462B13BC525B5335 /* Pods-flickr-image-search.debug.xcconfig */ = {isa = PBXFileReference; includeInIndex = 1; lastKnownFileType = text.xcconfig; name = "Pods-flickr-image-search.debug.xcconfig"; path = "Target Support Files/Pods-flickr-image-search/Pods-flickr-image-search.debug.xcconfig"; sourceTree = "<group>"; };
		7C0DE590C569BDF1842DEBD3 /* Pods-flickr-image-search.release.xcconfig */ = {isa = PBXFileReference; includeInIndex = 1; lastKnownFileType = text.xcconfig; name = "Pods-flickr-image-search.release.xcconfig"; path = "Target Support Files/Pods-flickr-image-search/Pods-flickr-image-search.release.xcconfig"; sourceTree = "<group>"; };
		7D46D615279BBA3300478EEE /* flickr-image-search.app */ = {isa = PBXFileReference; explicitFileType = wrapper.application; includeInIndex = 0; path = "flickr-image-search.app"; sourceTree = BUILT_PRODUCTS_DIR; };
		7D46D618279BBA3300478EEE /* AppDelegate.swift */ = {isa = PBXFileReference; lastKnownFileType = sourcecode.swift; path = AppDelegate.swift; sourceTree = "<group>"; };
		7D46D61C279BBA3300478EEE /* ViewController.swift */ = {isa = PBXFileReference; lastKnownFileType = sourcecode.swift; path = ViewController.swift; sourceTree = "<group>"; };
		7D46D61F279BBA3300478EEE /* Base */ = {isa = PBXFileReference; lastKnownFileType = file.storyboard; name = Base; path = Base.lproj/Main.storyboard; sourceTree = "<group>"; };
		7D46D621279BBA3400478EEE /* Assets.xcassets */ = {isa = PBXFileReference; lastKnownFileType = folder.assetcatalog; path = Assets.xcassets; sourceTree = "<group>"; };
		7D46D624279BBA3400478EEE /* Base */ = {isa = PBXFileReference; lastKnownFileType = file.storyboard; name = Base; path = Base.lproj/LaunchScreen.storyboard; sourceTree = "<group>"; };
		7D46D626279BBA3400478EEE /* Info.plist */ = {isa = PBXFileReference; lastKnownFileType = text.plist.xml; path = Info.plist; sourceTree = "<group>"; };
		7D46D62B279BBA3400478EEE /* flickr-image-searchTests.xctest */ = {isa = PBXFileReference; explicitFileType = wrapper.cfbundle; includeInIndex = 0; path = "flickr-image-searchTests.xctest"; sourceTree = BUILT_PRODUCTS_DIR; };
		7D46D62F279BBA3400478EEE /* flickr_image_searchTests.swift */ = {isa = PBXFileReference; lastKnownFileType = sourcecode.swift; path = flickr_image_searchTests.swift; sourceTree = "<group>"; };
		7D46D635279BBA3400478EEE /* flickr-image-searchUITests.xctest */ = {isa = PBXFileReference; explicitFileType = wrapper.cfbundle; includeInIndex = 0; path = "flickr-image-searchUITests.xctest"; sourceTree = BUILT_PRODUCTS_DIR; };
		7D46D64F279BBFF700478EEE /* SearchAPI.swift */ = {isa = PBXFileReference; lastKnownFileType = sourcecode.swift; path = SearchAPI.swift; sourceTree = "<group>"; };
		7D46D654279BC96600478EEE /* APIClient.swift */ = {isa = PBXFileReference; lastKnownFileType = sourcecode.swift; path = APIClient.swift; sourceTree = "<group>"; };
		7D46D656279BC98800478EEE /* APIClientProtocol.swift */ = {isa = PBXFileReference; lastKnownFileType = sourcecode.swift; path = APIClientProtocol.swift; sourceTree = "<group>"; };
		7D46D659279BC9B100478EEE /* APIError.swift */ = {isa = PBXFileReference; lastKnownFileType = sourcecode.swift; path = APIError.swift; sourceTree = "<group>"; };
		7D46D65C279BC9E100478EEE /* Closures.swift */ = {isa = PBXFileReference; lastKnownFileType = sourcecode.swift; path = Closures.swift; sourceTree = "<group>"; };
		7D46D661279BCACE00478EEE /* URL+QueryItem.swift */ = {isa = PBXFileReference; lastKnownFileType = sourcecode.swift; path = "URL+QueryItem.swift"; sourceTree = "<group>"; };
		7D46D663279BCB5200478EEE /* APIClient+SearchAPI.swift */ = {isa = PBXFileReference; lastKnownFileType = sourcecode.swift; path = "APIClient+SearchAPI.swift"; sourceTree = "<group>"; };
		7D46D665279BD0AD00478EEE /* SearchServiceProtocol.swift */ = {isa = PBXFileReference; lastKnownFileType = sourcecode.swift; path = SearchServiceProtocol.swift; sourceTree = "<group>"; };
		7D46D667279BD0CD00478EEE /* SearchService.swift */ = {isa = PBXFileReference; lastKnownFileType = sourcecode.swift; path = SearchService.swift; sourceTree = "<group>"; };
		7D46D66B279BD53800478EEE /* SearchViewController.swift */ = {isa = PBXFileReference; lastKnownFileType = sourcecode.swift; path = SearchViewController.swift; sourceTree = "<group>"; };
		7D46D66C279BD53800478EEE /* SearchViewController.xib */ = {isa = PBXFileReference; lastKnownFileType = file.xib; path = SearchViewController.xib; sourceTree = "<group>"; };
		7D46D671279BD63100478EEE /* UICollectionViewCell+Nib.swift */ = {isa = PBXFileReference; lastKnownFileType = sourcecode.swift; path = "UICollectionViewCell+Nib.swift"; sourceTree = "<group>"; };
		7D46D673279BD74F00478EEE /* SearchViewModelProtocol.swift */ = {isa = PBXFileReference; lastKnownFileType = sourcecode.swift; path = SearchViewModelProtocol.swift; sourceTree = "<group>"; };
		7D46D675279BD8DD00478EEE /* SearchViewModel.swift */ = {isa = PBXFileReference; lastKnownFileType = sourcecode.swift; path = SearchViewModel.swift; sourceTree = "<group>"; };
		7D46D677279BDB0700478EEE /* SearchPhotosResponse.swift */ = {isa = PBXFileReference; lastKnownFileType = sourcecode.swift; path = SearchPhotosResponse.swift; sourceTree = "<group>"; };
		7D46D67B279BE7BA00478EEE /* SearchPhotoCollectionViewCell.swift */ = {isa = PBXFileReference; lastKnownFileType = sourcecode.swift; path = SearchPhotoCollectionViewCell.swift; sourceTree = "<group>"; };
		7D46D67C279BE7BA00478EEE /* SearchPhotoCollectionViewCell.xib */ = {isa = PBXFileReference; lastKnownFileType = file.xib; path = SearchPhotoCollectionViewCell.xib; sourceTree = "<group>"; };
		7D46D680279BE7D700478EEE /* SearchPhotoViewModelProtocol.swift */ = {isa = PBXFileReference; lastKnownFileType = sourcecode.swift; path = SearchPhotoViewModelProtocol.swift; sourceTree = "<group>"; };
		7D46D682279BE81700478EEE /* SearchPhotoViewModel.swift */ = {isa = PBXFileReference; lastKnownFileType = sourcecode.swift; path = SearchPhotoViewModel.swift; sourceTree = "<group>"; };
		7D46D685279BE9FF00478EEE /* Array+Index.swift */ = {isa = PBXFileReference; lastKnownFileType = sourcecode.swift; path = "Array+Index.swift"; sourceTree = "<group>"; };
		7D46D689279C03D300478EEE /* SearchPhotoRequestParameters.swift */ = {isa = PBXFileReference; lastKnownFileType = sourcecode.swift; path = SearchPhotoRequestParameters.swift; sourceTree = "<group>"; };
		7D46D68D279C0C6200478EEE /* Encodable+JSON.swift */ = {isa = PBXFileReference; lastKnownFileType = sourcecode.swift; path = "Encodable+JSON.swift"; sourceTree = "<group>"; };
		EBF8FF275144BB62118112BB /* Pods_flickr_image_search.framework */ = {isa = PBXFileReference; explicitFileType = wrapper.framework; includeInIndex = 0; path = Pods_flickr_image_search.framework; sourceTree = BUILT_PRODUCTS_DIR; };
/* End PBXFileReference section */

/* Begin PBXFrameworksBuildPhase section */
		7D46D612279BBA3300478EEE /* Frameworks */ = {
			isa = PBXFrameworksBuildPhase;
			buildActionMask = 2147483647;
			files = (
				EF6CE7387BF618979D648902 /* Pods_flickr_image_search.framework in Frameworks */,
			);
			runOnlyForDeploymentPostprocessing = 0;
		};
		7D46D628279BBA3400478EEE /* Frameworks */ = {
			isa = PBXFrameworksBuildPhase;
			buildActionMask = 2147483647;
			files = (
			);
			runOnlyForDeploymentPostprocessing = 0;
		};
		7D46D632279BBA3400478EEE /* Frameworks */ = {
			isa = PBXFrameworksBuildPhase;
			buildActionMask = 2147483647;
			files = (
			);
			runOnlyForDeploymentPostprocessing = 0;
		};
/* End PBXFrameworksBuildPhase section */

/* Begin PBXGroup section */
		57E1CD60F5CE77A99AA698E6 /* Frameworks */ = {
			isa = PBXGroup;
			children = (
				EBF8FF275144BB62118112BB /* Pods_flickr_image_search.framework */,
			);
			name = Frameworks;
			sourceTree = "<group>";
		};
		7D46D60C279BBA3300478EEE = {
			isa = PBXGroup;
			children = (
				7D46D617279BBA3300478EEE /* flickr-image-search */,
				7D46D62E279BBA3400478EEE /* flickr-image-searchTests */,
				7D46D616279BBA3300478EEE /* Products */,
				E165492DA2E9859838EEE307 /* Pods */,
				57E1CD60F5CE77A99AA698E6 /* Frameworks */,
			);
			sourceTree = "<group>";
		};
		7D46D616279BBA3300478EEE /* Products */ = {
			isa = PBXGroup;
			children = (
				7D46D615279BBA3300478EEE /* flickr-image-search.app */,
				7D46D62B279BBA3400478EEE /* flickr-image-searchTests.xctest */,
				7D46D635279BBA3400478EEE /* flickr-image-searchUITests.xctest */,
			);
			name = Products;
			sourceTree = "<group>";
		};
		7D46D617279BBA3300478EEE /* flickr-image-search */ = {
			isa = PBXGroup;
			children = (
				7D46D626279BBA3400478EEE /* Info.plist */,
				7D46D618279BBA3300478EEE /* AppDelegate.swift */,
				7D46D61C279BBA3300478EEE /* ViewController.swift */,
				7D46D621279BBA3400478EEE /* Assets.xcassets */,
				7D46D623279BBA3400478EEE /* LaunchScreen.storyboard */,
				7D46D61E279BBA3300478EEE /* Main.storyboard */,
				7D46D65E279BCAB000478EEE /* Extensions */,
				7D46D65B279BC9C300478EEE /* Helpers */,
				7D46D648279BBD3E00478EEE /* Modules */,
			);
			path = "flickr-image-search";
			sourceTree = "<group>";
		};
		7D46D62E279BBA3400478EEE /* flickr-image-searchTests */ = {
			isa = PBXGroup;
			children = (
				7D46D62F279BBA3400478EEE /* flickr_image_searchTests.swift */,
			);
			path = "flickr-image-searchTests";
			sourceTree = "<group>";
		};
		7D46D648279BBD3E00478EEE /* Modules */ = {
			isa = PBXGroup;
			children = (
				7D46D651279BC94A00478EEE /* Core */,
				7D46D649279BBEEB00478EEE /* Search */,
			);
			path = Modules;
			sourceTree = "<group>";
		};
		7D46D649279BBEEB00478EEE /* Search */ = {
			isa = PBXGroup;
			children = (
				7D46D64D279BBF4E00478EEE /* UI */,
				7D46D64C279BBF3D00478EEE /* Services */,
				7D46D64B279BBF2B00478EEE /* Clients */,
				7D46D64A279BBF2000478EEE /* Models */,
			);
			path = Search;
			sourceTree = "<group>";
		};
		7D46D64A279BBF2000478EEE /* Models */ = {
			isa = PBXGroup;
			children = (
				7D46D688279C03AF00478EEE /* Request */,
				7D46D687279C03A300478EEE /* Response */,
			);
			path = Models;
			sourceTree = "<group>";
		};
		7D46D64B279BBF2B00478EEE /* Clients */ = {
			isa = PBXGroup;
			children = (
				7D46D64E279BBFE700478EEE /* API */,
			);
			path = Clients;
			sourceTree = "<group>";
		};
		7D46D64C279BBF3D00478EEE /* Services */ = {
			isa = PBXGroup;
			children = (
				7D46D665279BD0AD00478EEE /* SearchServiceProtocol.swift */,
				7D46D667279BD0CD00478EEE /* SearchService.swift */,
			);
			path = Services;
			sourceTree = "<group>";
		};
		7D46D64D279BBF4E00478EEE /* UI */ = {
			isa = PBXGroup;
			children = (
				7D46D679279BE78700478EEE /* Components */,
				7D46D669279BD4F800478EEE /* Scenes */,
			);
			path = UI;
			sourceTree = "<group>";
		};
		7D46D64E279BBFE700478EEE /* API */ = {
			isa = PBXGroup;
			children = (
				7D46D663279BCB5200478EEE /* APIClient+SearchAPI.swift */,
				7D46D64F279BBFF700478EEE /* SearchAPI.swift */,
			);
			path = API;
			sourceTree = "<group>";
		};
		7D46D651279BC94A00478EEE /* Core */ = {
			isa = PBXGroup;
			children = (
				7D46D652279BC95000478EEE /* Clients */,
			);
			path = Core;
			sourceTree = "<group>";
		};
		7D46D652279BC95000478EEE /* Clients */ = {
			isa = PBXGroup;
			children = (
				7D46D658279BC99B00478EEE /* Models */,
				7D46D653279BC95C00478EEE /* API */,
			);
			path = Clients;
			sourceTree = "<group>";
		};
		7D46D653279BC95C00478EEE /* API */ = {
			isa = PBXGroup;
			children = (
				7D46D654279BC96600478EEE /* APIClient.swift */,
				7D46D656279BC98800478EEE /* APIClientProtocol.swift */,
			);
			path = API;
			sourceTree = "<group>";
		};
		7D46D658279BC99B00478EEE /* Models */ = {
			isa = PBXGroup;
			children = (
				7D46D659279BC9B100478EEE /* APIError.swift */,
			);
			path = Models;
			sourceTree = "<group>";
		};
		7D46D65B279BC9C300478EEE /* Helpers */ = {
			isa = PBXGroup;
			children = (
				7D46D65C279BC9E100478EEE /* Closures.swift */,
			);
			path = Helpers;
			sourceTree = "<group>";
		};
		7D46D65E279BCAB000478EEE /* Extensions */ = {
			isa = PBXGroup;
			children = (
				7D46D66F279BD61B00478EEE /* UIKit */,
				7D46D65F279BCABA00478EEE /* Foundation */,
			);
			path = Extensions;
			sourceTree = "<group>";
		};
		7D46D65F279BCABA00478EEE /* Foundation */ = {
			isa = PBXGroup;
			children = (
				7D46D68C279C0C5300478EEE /* Codable */,
				7D46D684279BE9F000478EEE /* Array */,
				7D46D660279BCABF00478EEE /* URL */,
			);
			path = Foundation;
			sourceTree = "<group>";
		};
		7D46D660279BCABF00478EEE /* URL */ = {
			isa = PBXGroup;
			children = (
				7D46D661279BCACE00478EEE /* URL+QueryItem.swift */,
			);
			path = URL;
			sourceTree = "<group>";
		};
		7D46D669279BD4F800478EEE /* Scenes */ = {
			isa = PBXGroup;
			children = (
				7D46D66A279BD50800478EEE /* Search */,
			);
			path = Scenes;
			sourceTree = "<group>";
		};
		7D46D66A279BD50800478EEE /* Search */ = {
			isa = PBXGroup;
			children = (
				7D46D66B279BD53800478EEE /* SearchViewController.swift */,
				7D46D675279BD8DD00478EEE /* SearchViewModel.swift */,
				7D46D673279BD74F00478EEE /* SearchViewModelProtocol.swift */,
				7D46D66C279BD53800478EEE /* SearchViewController.xib */,
			);
			path = Search;
			sourceTree = "<group>";
		};
		7D46D66F279BD61B00478EEE /* UIKit */ = {
			isa = PBXGroup;
			children = (
				7D46D670279BD62000478EEE /* UICollectionViewCell */,
			);
			path = UIKit;
			sourceTree = "<group>";
		};
		7D46D670279BD62000478EEE /* UICollectionViewCell */ = {
			isa = PBXGroup;
			children = (
				7D46D671279BD63100478EEE /* UICollectionViewCell+Nib.swift */,
			);
			path = UICollectionViewCell;
			sourceTree = "<group>";
		};
		7D46D679279BE78700478EEE /* Components */ = {
			isa = PBXGroup;
			children = (
				7D46D67A279BE78E00478EEE /* CollectionViewCells */,
			);
			path = Components;
			sourceTree = "<group>";
		};
		7D46D67A279BE78E00478EEE /* CollectionViewCells */ = {
			isa = PBXGroup;
			children = (
				7D46D67F279BE7C300478EEE /* SearchPhoto */,
			);
			path = CollectionViewCells;
			sourceTree = "<group>";
		};
		7D46D67F279BE7C300478EEE /* SearchPhoto */ = {
			isa = PBXGroup;
			children = (
				7D46D67B279BE7BA00478EEE /* SearchPhotoCollectionViewCell.swift */,
				7D46D682279BE81700478EEE /* SearchPhotoViewModel.swift */,
				7D46D680279BE7D700478EEE /* SearchPhotoViewModelProtocol.swift */,
				7D46D67C279BE7BA00478EEE /* SearchPhotoCollectionViewCell.xib */,
			);
			path = SearchPhoto;
			sourceTree = "<group>";
		};
		7D46D684279BE9F000478EEE /* Array */ = {
			isa = PBXGroup;
			children = (
				7D46D685279BE9FF00478EEE /* Array+Index.swift */,
			);
			path = Array;
			sourceTree = "<group>";
		};
		7D46D687279C03A300478EEE /* Response */ = {
			isa = PBXGroup;
			children = (
				7D46D677279BDB0700478EEE /* SearchPhotosResponse.swift */,
			);
			path = Response;
			sourceTree = "<group>";
		};
		7D46D688279C03AF00478EEE /* Request */ = {
			isa = PBXGroup;
			children = (
				7D46D689279C03D300478EEE /* SearchPhotoRequestParameters.swift */,
			);
			path = Request;
			sourceTree = "<group>";
		};
		7D46D68C279C0C5300478EEE /* Codable */ = {
			isa = PBXGroup;
			children = (
				7D46D68D279C0C6200478EEE /* Encodable+JSON.swift */,
			);
			path = Codable;
			sourceTree = "<group>";
		};
		E165492DA2E9859838EEE307 /* Pods */ = {
			isa = PBXGroup;
			children = (
				076C50F1462B13BC525B5335 /* Pods-flickr-image-search.debug.xcconfig */,
				7C0DE590C569BDF1842DEBD3 /* Pods-flickr-image-search.release.xcconfig */,
			);
			path = Pods;
			sourceTree = "<group>";
		};
/* End PBXGroup section */

/* Begin PBXNativeTarget section */
		7D46D614279BBA3300478EEE /* flickr-image-search */ = {
			isa = PBXNativeTarget;
			buildConfigurationList = 7D46D63F279BBA3400478EEE /* Build configuration list for PBXNativeTarget "flickr-image-search" */;
			buildPhases = (
				DF0F21A5A251A9A890423B7E /* [CP] Check Pods Manifest.lock */,
				7D46D611279BBA3300478EEE /* Sources */,
				7D46D612279BBA3300478EEE /* Frameworks */,
				7D46D613279BBA3300478EEE /* Resources */,
				2EBCFAAC5BD33A21DD707669 /* [CP] Embed Pods Frameworks */,
				7D46D68B279C058D00478EEE /* Linter */,
			);
			buildRules = (
			);
			dependencies = (
			);
			name = "flickr-image-search";
			productName = "flickr-image-search";
			productReference = 7D46D615279BBA3300478EEE /* flickr-image-search.app */;
			productType = "com.apple.product-type.application";
		};
		7D46D62A279BBA3400478EEE /* flickr-image-searchTests */ = {
			isa = PBXNativeTarget;
			buildConfigurationList = 7D46D642279BBA3400478EEE /* Build configuration list for PBXNativeTarget "flickr-image-searchTests" */;
			buildPhases = (
				7D46D627279BBA3400478EEE /* Sources */,
				7D46D628279BBA3400478EEE /* Frameworks */,
				7D46D629279BBA3400478EEE /* Resources */,
			);
			buildRules = (
			);
			dependencies = (
				7D46D62D279BBA3400478EEE /* PBXTargetDependency */,
			);
			name = "flickr-image-searchTests";
			productName = "flickr-image-searchTests";
			productReference = 7D46D62B279BBA3400478EEE /* flickr-image-searchTests.xctest */;
			productType = "com.apple.product-type.bundle.unit-test";
		};
		7D46D634279BBA3400478EEE /* flickr-image-searchUITests */ = {
			isa = PBXNativeTarget;
			buildConfigurationList = 7D46D645279BBA3400478EEE /* Build configuration list for PBXNativeTarget "flickr-image-searchUITests" */;
			buildPhases = (
				7D46D631279BBA3400478EEE /* Sources */,
				7D46D632279BBA3400478EEE /* Frameworks */,
				7D46D633279BBA3400478EEE /* Resources */,
			);
			buildRules = (
			);
			dependencies = (
				7D46D637279BBA3400478EEE /* PBXTargetDependency */,
			);
			name = "flickr-image-searchUITests";
			productName = "flickr-image-searchUITests";
			productReference = 7D46D635279BBA3400478EEE /* flickr-image-searchUITests.xctest */;
			productType = "com.apple.product-type.bundle.ui-testing";
		};
/* End PBXNativeTarget section */

/* Begin PBXProject section */
		7D46D60D279BBA3300478EEE /* Project object */ = {
			isa = PBXProject;
			attributes = {
				BuildIndependentTargetsInParallel = 1;
				LastSwiftUpdateCheck = 1310;
				LastUpgradeCheck = 1310;
				TargetAttributes = {
					7D46D614279BBA3300478EEE = {
						CreatedOnToolsVersion = 13.1;
					};
					7D46D62A279BBA3400478EEE = {
						CreatedOnToolsVersion = 13.1;
						TestTargetID = 7D46D614279BBA3300478EEE;
					};
					7D46D634279BBA3400478EEE = {
						CreatedOnToolsVersion = 13.1;
						TestTargetID = 7D46D614279BBA3300478EEE;
					};
				};
			};
			buildConfigurationList = 7D46D610279BBA3300478EEE /* Build configuration list for PBXProject "flickr-image-search" */;
			compatibilityVersion = "Xcode 13.0";
			developmentRegion = en;
			hasScannedForEncodings = 0;
			knownRegions = (
				en,
				Base,
			);
			mainGroup = 7D46D60C279BBA3300478EEE;
			productRefGroup = 7D46D616279BBA3300478EEE /* Products */;
			projectDirPath = "";
			projectRoot = "";
			targets = (
				7D46D614279BBA3300478EEE /* flickr-image-search */,
				7D46D62A279BBA3400478EEE /* flickr-image-searchTests */,
				7D46D634279BBA3400478EEE /* flickr-image-searchUITests */,
			);
		};
/* End PBXProject section */

/* Begin PBXResourcesBuildPhase section */
		7D46D613279BBA3300478EEE /* Resources */ = {
			isa = PBXResourcesBuildPhase;
			buildActionMask = 2147483647;
			files = (
				7D46D625279BBA3400478EEE /* LaunchScreen.storyboard in Resources */,
				7D46D622279BBA3400478EEE /* Assets.xcassets in Resources */,
				7D46D67E279BE7BA00478EEE /* SearchPhotoCollectionViewCell.xib in Resources */,
				7D46D66E279BD53800478EEE /* SearchViewController.xib in Resources */,
				7D46D620279BBA3300478EEE /* Main.storyboard in Resources */,
			);
			runOnlyForDeploymentPostprocessing = 0;
		};
		7D46D629279BBA3400478EEE /* Resources */ = {
			isa = PBXResourcesBuildPhase;
			buildActionMask = 2147483647;
			files = (
			);
			runOnlyForDeploymentPostprocessing = 0;
		};
		7D46D633279BBA3400478EEE /* Resources */ = {
			isa = PBXResourcesBuildPhase;
			buildActionMask = 2147483647;
			files = (
			);
			runOnlyForDeploymentPostprocessing = 0;
		};
/* End PBXResourcesBuildPhase section */

/* Begin PBXShellScriptBuildPhase section */
		2EBCFAAC5BD33A21DD707669 /* [CP] Embed Pods Frameworks */ = {
			isa = PBXShellScriptBuildPhase;
			buildActionMask = 2147483647;
			files = (
			);
			inputFileListPaths = (
				"${PODS_ROOT}/Target Support Files/Pods-flickr-image-search/Pods-flickr-image-search-frameworks-${CONFIGURATION}-input-files.xcfilelist",
			);
			name = "[CP] Embed Pods Frameworks";
			outputFileListPaths = (
				"${PODS_ROOT}/Target Support Files/Pods-flickr-image-search/Pods-flickr-image-search-frameworks-${CONFIGURATION}-output-files.xcfilelist",
			);
			runOnlyForDeploymentPostprocessing = 0;
			shellPath = /bin/sh;
			shellScript = "\"${PODS_ROOT}/Target Support Files/Pods-flickr-image-search/Pods-flickr-image-search-frameworks.sh\"\n";
			showEnvVarsInLog = 0;
		};
		7D46D68B279C058D00478EEE /* Linter */ = {
			isa = PBXShellScriptBuildPhase;
			buildActionMask = 2147483647;
			files = (
			);
			inputFileListPaths = (
			);
			inputPaths = (
			);
			name = Linter;
			outputFileListPaths = (
			);
			outputPaths = (
			);
			runOnlyForDeploymentPostprocessing = 0;
			shellPath = /bin/sh;
			shellScript = "if [ \"${CONFIGURATION}\" = \"Debug\" ]; then\n \"${PODS_ROOT}/SwiftLint/swiftlint\"\nelse\n echo \"Not running SwiftLint/swiftlint because we are building for Release\"\nfi\n";
		};
		DF0F21A5A251A9A890423B7E /* [CP] Check Pods Manifest.lock */ = {
			isa = PBXShellScriptBuildPhase;
			buildActionMask = 2147483647;
			files = (
			);
			inputFileListPaths = (
			);
			inputPaths = (
				"${PODS_PODFILE_DIR_PATH}/Podfile.lock",
				"${PODS_ROOT}/Manifest.lock",
			);
			name = "[CP] Check Pods Manifest.lock";
			outputFileListPaths = (
			);
			outputPaths = (
				"$(DERIVED_FILE_DIR)/Pods-flickr-image-search-checkManifestLockResult.txt",
			);
			runOnlyForDeploymentPostprocessing = 0;
			shellPath = /bin/sh;
			shellScript = "diff \"${PODS_PODFILE_DIR_PATH}/Podfile.lock\" \"${PODS_ROOT}/Manifest.lock\" > /dev/null\nif [ $? != 0 ] ; then\n    # print error to STDERR\n    echo \"error: The sandbox is not in sync with the Podfile.lock. Run 'pod install' or update your CocoaPods installation.\" >&2\n    exit 1\nfi\n# This output is used by Xcode 'outputs' to avoid re-running this script phase.\necho \"SUCCESS\" > \"${SCRIPT_OUTPUT_FILE_0}\"\n";
			showEnvVarsInLog = 0;
		};
/* End PBXShellScriptBuildPhase section */

/* Begin PBXSourcesBuildPhase section */
		7D46D611279BBA3300478EEE /* Sources */ = {
			isa = PBXSourcesBuildPhase;
			buildActionMask = 2147483647;
			files = (
				7D46D68A279C03D300478EEE /* SearchPhotoRequestParameters.swift in Sources */,
				7D46D61D279BBA3300478EEE /* ViewController.swift in Sources */,
				7D46D67D279BE7BA00478EEE /* SearchPhotoCollectionViewCell.swift in Sources */,
				7D46D65D279BC9E100478EEE /* Closures.swift in Sources */,
				7D46D676279BD8DD00478EEE /* SearchViewModel.swift in Sources */,
				7D46D681279BE7D700478EEE /* SearchPhotoViewModelProtocol.swift in Sources */,
				7D46D683279BE81700478EEE /* SearchPhotoViewModel.swift in Sources */,
				7D46D664279BCB5200478EEE /* APIClient+SearchAPI.swift in Sources */,
				7D46D619279BBA3300478EEE /* AppDelegate.swift in Sources */,
				7D46D672279BD63100478EEE /* UICollectionViewCell+Nib.swift in Sources */,
				7D46D650279BBFF700478EEE /* SearchAPI.swift in Sources */,
				7D46D655279BC96600478EEE /* APIClient.swift in Sources */,
				7D46D662279BCACE00478EEE /* URL+QueryItem.swift in Sources */,
				7D46D686279BE9FF00478EEE /* Array+Index.swift in Sources */,
				7D46D66D279BD53800478EEE /* SearchViewController.swift in Sources */,
				7D46D657279BC98800478EEE /* APIClientProtocol.swift in Sources */,
				7D46D668279BD0CD00478EEE /* SearchService.swift in Sources */,
				7D46D68E279C0C6200478EEE /* Encodable+JSON.swift in Sources */,
				7D46D674279BD74F00478EEE /* SearchViewModelProtocol.swift in Sources */,
				7D46D678279BDB0700478EEE /* SearchPhotosResponse.swift in Sources */,
				7D46D65A279BC9B100478EEE /* APIError.swift in Sources */,
				7D46D666279BD0AD00478EEE /* SearchServiceProtocol.swift in Sources */,
			);
			runOnlyForDeploymentPostprocessing = 0;
		};
		7D46D627279BBA3400478EEE /* Sources */ = {
			isa = PBXSourcesBuildPhase;
			buildActionMask = 2147483647;
			files = (
				7D46D630279BBA3400478EEE /* flickr_image_searchTests.swift in Sources */,
			);
			runOnlyForDeploymentPostprocessing = 0;
		};
		7D46D631279BBA3400478EEE /* Sources */ = {
			isa = PBXSourcesBuildPhase;
			buildActionMask = 2147483647;
			files = (
			);
			runOnlyForDeploymentPostprocessing = 0;
		};
/* End PBXSourcesBuildPhase section */

/* Begin PBXTargetDependency section */
		7D46D62D279BBA3400478EEE /* PBXTargetDependency */ = {
			isa = PBXTargetDependency;
			target = 7D46D614279BBA3300478EEE /* flickr-image-search */;
			targetProxy = 7D46D62C279BBA3400478EEE /* PBXContainerItemProxy */;
		};
		7D46D637279BBA3400478EEE /* PBXTargetDependency */ = {
			isa = PBXTargetDependency;
			target = 7D46D614279BBA3300478EEE /* flickr-image-search */;
			targetProxy = 7D46D636279BBA3400478EEE /* PBXContainerItemProxy */;
		};
/* End PBXTargetDependency section */

/* Begin PBXVariantGroup section */
		7D46D61E279BBA3300478EEE /* Main.storyboard */ = {
			isa = PBXVariantGroup;
			children = (
				7D46D61F279BBA3300478EEE /* Base */,
			);
			name = Main.storyboard;
			sourceTree = "<group>";
		};
		7D46D623279BBA3400478EEE /* LaunchScreen.storyboard */ = {
			isa = PBXVariantGroup;
			children = (
				7D46D624279BBA3400478EEE /* Base */,
			);
			name = LaunchScreen.storyboard;
			sourceTree = "<group>";
		};
/* End PBXVariantGroup section */

/* Begin XCBuildConfiguration section */
		7D46D63D279BBA3400478EEE /* Debug */ = {
			isa = XCBuildConfiguration;
			buildSettings = {
				ALWAYS_SEARCH_USER_PATHS = NO;
				CLANG_ANALYZER_NONNULL = YES;
				CLANG_ANALYZER_NUMBER_OBJECT_CONVERSION = YES_AGGRESSIVE;
				CLANG_CXX_LANGUAGE_STANDARD = "gnu++17";
				CLANG_CXX_LIBRARY = "libc++";
				CLANG_ENABLE_MODULES = YES;
				CLANG_ENABLE_OBJC_ARC = YES;
				CLANG_ENABLE_OBJC_WEAK = YES;
				CLANG_WARN_BLOCK_CAPTURE_AUTORELEASING = YES;
				CLANG_WARN_BOOL_CONVERSION = YES;
				CLANG_WARN_COMMA = YES;
				CLANG_WARN_CONSTANT_CONVERSION = YES;
				CLANG_WARN_DEPRECATED_OBJC_IMPLEMENTATIONS = YES;
				CLANG_WARN_DIRECT_OBJC_ISA_USAGE = YES_ERROR;
				CLANG_WARN_DOCUMENTATION_COMMENTS = YES;
				CLANG_WARN_EMPTY_BODY = YES;
				CLANG_WARN_ENUM_CONVERSION = YES;
				CLANG_WARN_INFINITE_RECURSION = YES;
				CLANG_WARN_INT_CONVERSION = YES;
				CLANG_WARN_NON_LITERAL_NULL_CONVERSION = YES;
				CLANG_WARN_OBJC_IMPLICIT_RETAIN_SELF = YES;
				CLANG_WARN_OBJC_LITERAL_CONVERSION = YES;
				CLANG_WARN_OBJC_ROOT_CLASS = YES_ERROR;
				CLANG_WARN_QUOTED_INCLUDE_IN_FRAMEWORK_HEADER = YES;
				CLANG_WARN_RANGE_LOOP_ANALYSIS = YES;
				CLANG_WARN_STRICT_PROTOTYPES = YES;
				CLANG_WARN_SUSPICIOUS_MOVE = YES;
				CLANG_WARN_UNGUARDED_AVAILABILITY = YES_AGGRESSIVE;
				CLANG_WARN_UNREACHABLE_CODE = YES;
				CLANG_WARN__DUPLICATE_METHOD_MATCH = YES;
				COPY_PHASE_STRIP = NO;
				DEBUG_INFORMATION_FORMAT = dwarf;
				ENABLE_STRICT_OBJC_MSGSEND = YES;
				ENABLE_TESTABILITY = YES;
				GCC_C_LANGUAGE_STANDARD = gnu11;
				GCC_DYNAMIC_NO_PIC = NO;
				GCC_NO_COMMON_BLOCKS = YES;
				GCC_OPTIMIZATION_LEVEL = 0;
				GCC_PREPROCESSOR_DEFINITIONS = (
					"DEBUG=1",
					"$(inherited)",
				);
				GCC_WARN_64_TO_32_BIT_CONVERSION = YES;
				GCC_WARN_ABOUT_RETURN_TYPE = YES_ERROR;
				GCC_WARN_UNDECLARED_SELECTOR = YES;
				GCC_WARN_UNINITIALIZED_AUTOS = YES_AGGRESSIVE;
				GCC_WARN_UNUSED_FUNCTION = YES;
				GCC_WARN_UNUSED_VARIABLE = YES;
				IPHONEOS_DEPLOYMENT_TARGET = 15.0;
				MTL_ENABLE_DEBUG_INFO = INCLUDE_SOURCE;
				MTL_FAST_MATH = YES;
				ONLY_ACTIVE_ARCH = YES;
				SDKROOT = iphoneos;
				SWIFT_ACTIVE_COMPILATION_CONDITIONS = DEBUG;
				SWIFT_OPTIMIZATION_LEVEL = "-Onone";
			};
			name = Debug;
		};
		7D46D63E279BBA3400478EEE /* Release */ = {
			isa = XCBuildConfiguration;
			buildSettings = {
				ALWAYS_SEARCH_USER_PATHS = NO;
				CLANG_ANALYZER_NONNULL = YES;
				CLANG_ANALYZER_NUMBER_OBJECT_CONVERSION = YES_AGGRESSIVE;
				CLANG_CXX_LANGUAGE_STANDARD = "gnu++17";
				CLANG_CXX_LIBRARY = "libc++";
				CLANG_ENABLE_MODULES = YES;
				CLANG_ENABLE_OBJC_ARC = YES;
				CLANG_ENABLE_OBJC_WEAK = YES;
				CLANG_WARN_BLOCK_CAPTURE_AUTORELEASING = YES;
				CLANG_WARN_BOOL_CONVERSION = YES;
				CLANG_WARN_COMMA = YES;
				CLANG_WARN_CONSTANT_CONVERSION = YES;
				CLANG_WARN_DEPRECATED_OBJC_IMPLEMENTATIONS = YES;
				CLANG_WARN_DIRECT_OBJC_ISA_USAGE = YES_ERROR;
				CLANG_WARN_DOCUMENTATION_COMMENTS = YES;
				CLANG_WARN_EMPTY_BODY = YES;
				CLANG_WARN_ENUM_CONVERSION = YES;
				CLANG_WARN_INFINITE_RECURSION = YES;
				CLANG_WARN_INT_CONVERSION = YES;
				CLANG_WARN_NON_LITERAL_NULL_CONVERSION = YES;
				CLANG_WARN_OBJC_IMPLICIT_RETAIN_SELF = YES;
				CLANG_WARN_OBJC_LITERAL_CONVERSION = YES;
				CLANG_WARN_OBJC_ROOT_CLASS = YES_ERROR;
				CLANG_WARN_QUOTED_INCLUDE_IN_FRAMEWORK_HEADER = YES;
				CLANG_WARN_RANGE_LOOP_ANALYSIS = YES;
				CLANG_WARN_STRICT_PROTOTYPES = YES;
				CLANG_WARN_SUSPICIOUS_MOVE = YES;
				CLANG_WARN_UNGUARDED_AVAILABILITY = YES_AGGRESSIVE;
				CLANG_WARN_UNREACHABLE_CODE = YES;
				CLANG_WARN__DUPLICATE_METHOD_MATCH = YES;
				COPY_PHASE_STRIP = NO;
				DEBUG_INFORMATION_FORMAT = "dwarf-with-dsym";
				ENABLE_NS_ASSERTIONS = NO;
				ENABLE_STRICT_OBJC_MSGSEND = YES;
				GCC_C_LANGUAGE_STANDARD = gnu11;
				GCC_NO_COMMON_BLOCKS = YES;
				GCC_WARN_64_TO_32_BIT_CONVERSION = YES;
				GCC_WARN_ABOUT_RETURN_TYPE = YES_ERROR;
				GCC_WARN_UNDECLARED_SELECTOR = YES;
				GCC_WARN_UNINITIALIZED_AUTOS = YES_AGGRESSIVE;
				GCC_WARN_UNUSED_FUNCTION = YES;
				GCC_WARN_UNUSED_VARIABLE = YES;
				IPHONEOS_DEPLOYMENT_TARGET = 15.0;
				MTL_ENABLE_DEBUG_INFO = NO;
				MTL_FAST_MATH = YES;
				SDKROOT = iphoneos;
				SWIFT_COMPILATION_MODE = wholemodule;
				SWIFT_OPTIMIZATION_LEVEL = "-O";
				VALIDATE_PRODUCT = YES;
			};
			name = Release;
		};
		7D46D640279BBA3400478EEE /* Debug */ = {
			isa = XCBuildConfiguration;
			baseConfigurationReference = 076C50F1462B13BC525B5335 /* Pods-flickr-image-search.debug.xcconfig */;
			buildSettings = {
				ASSETCATALOG_COMPILER_APPICON_NAME = AppIcon;
				ASSETCATALOG_COMPILER_GLOBAL_ACCENT_COLOR_NAME = AccentColor;
				CODE_SIGN_STYLE = Automatic;
				CURRENT_PROJECT_VERSION = 1;
				GENERATE_INFOPLIST_FILE = YES;
				INFOPLIST_FILE = "flickr-image-search/Info.plist";
				INFOPLIST_KEY_UIApplicationSupportsIndirectInputEvents = YES;
				INFOPLIST_KEY_UILaunchStoryboardName = LaunchScreen;
				INFOPLIST_KEY_UISupportedInterfaceOrientations_iPad = "UIInterfaceOrientationPortrait UIInterfaceOrientationPortraitUpsideDown UIInterfaceOrientationLandscapeLeft UIInterfaceOrientationLandscapeRight";
				INFOPLIST_KEY_UISupportedInterfaceOrientations_iPhone = "UIInterfaceOrientationPortrait UIInterfaceOrientationLandscapeLeft UIInterfaceOrientationLandscapeRight";
				LD_RUNPATH_SEARCH_PATHS = (
					"$(inherited)",
					"@executable_path/Frameworks",
				);
				MARKETING_VERSION = 1.0;
				PRODUCT_BUNDLE_IDENTIFIER = "com.mddiwa.flickr-image-search";
				PRODUCT_NAME = "$(TARGET_NAME)";
				SWIFT_EMIT_LOC_STRINGS = YES;
				SWIFT_VERSION = 5.0;
				TARGETED_DEVICE_FAMILY = "1,2";
			};
			name = Debug;
		};
		7D46D641279BBA3400478EEE /* Release */ = {
			isa = XCBuildConfiguration;
			baseConfigurationReference = 7C0DE590C569BDF1842DEBD3 /* Pods-flickr-image-search.release.xcconfig */;
			buildSettings = {
				ASSETCATALOG_COMPILER_APPICON_NAME = AppIcon;
				ASSETCATALOG_COMPILER_GLOBAL_ACCENT_COLOR_NAME = AccentColor;
				CODE_SIGN_STYLE = Automatic;
				CURRENT_PROJECT_VERSION = 1;
				GENERATE_INFOPLIST_FILE = YES;
				INFOPLIST_FILE = "flickr-image-search/Info.plist";
				INFOPLIST_KEY_UIApplicationSupportsIndirectInputEvents = YES;
				INFOPLIST_KEY_UILaunchStoryboardName = LaunchScreen;
				INFOPLIST_KEY_UISupportedInterfaceOrientations_iPad = "UIInterfaceOrientationPortrait UIInterfaceOrientationPortraitUpsideDown UIInterfaceOrientationLandscapeLeft UIInterfaceOrientationLandscapeRight";
				INFOPLIST_KEY_UISupportedInterfaceOrientations_iPhone = "UIInterfaceOrientationPortrait UIInterfaceOrientationLandscapeLeft UIInterfaceOrientationLandscapeRight";
				LD_RUNPATH_SEARCH_PATHS = (
					"$(inherited)",
					"@executable_path/Frameworks",
				);
				MARKETING_VERSION = 1.0;
				PRODUCT_BUNDLE_IDENTIFIER = "com.mddiwa.flickr-image-search";
				PRODUCT_NAME = "$(TARGET_NAME)";
				SWIFT_EMIT_LOC_STRINGS = YES;
				SWIFT_VERSION = 5.0;
				TARGETED_DEVICE_FAMILY = "1,2";
			};
			name = Release;
		};
		7D46D643279BBA3400478EEE /* Debug */ = {
			isa = XCBuildConfiguration;
			buildSettings = {
				ALWAYS_EMBED_SWIFT_STANDARD_LIBRARIES = YES;
				BUNDLE_LOADER = "$(TEST_HOST)";
				CODE_SIGN_STYLE = Automatic;
				CURRENT_PROJECT_VERSION = 1;
				GENERATE_INFOPLIST_FILE = YES;
				IPHONEOS_DEPLOYMENT_TARGET = 15.0;
				LD_RUNPATH_SEARCH_PATHS = (
					"$(inherited)",
					"@executable_path/Frameworks",
					"@loader_path/Frameworks",
				);
				MARKETING_VERSION = 1.0;
				PRODUCT_BUNDLE_IDENTIFIER = "com.mddiwa.flickr-image-searchTests";
				PRODUCT_NAME = "$(TARGET_NAME)";
				SWIFT_EMIT_LOC_STRINGS = NO;
				SWIFT_VERSION = 5.0;
				TARGETED_DEVICE_FAMILY = "1,2";
				TEST_HOST = "$(BUILT_PRODUCTS_DIR)/flickr-image-search.app/flickr-image-search";
			};
			name = Debug;
		};
		7D46D644279BBA3400478EEE /* Release */ = {
			isa = XCBuildConfiguration;
			buildSettings = {
				ALWAYS_EMBED_SWIFT_STANDARD_LIBRARIES = YES;
				BUNDLE_LOADER = "$(TEST_HOST)";
				CODE_SIGN_STYLE = Automatic;
				CURRENT_PROJECT_VERSION = 1;
				GENERATE_INFOPLIST_FILE = YES;
				IPHONEOS_DEPLOYMENT_TARGET = 15.0;
				LD_RUNPATH_SEARCH_PATHS = (
					"$(inherited)",
					"@executable_path/Frameworks",
					"@loader_path/Frameworks",
				);
				MARKETING_VERSION = 1.0;
				PRODUCT_BUNDLE_IDENTIFIER = "com.mddiwa.flickr-image-searchTests";
				PRODUCT_NAME = "$(TARGET_NAME)";
				SWIFT_EMIT_LOC_STRINGS = NO;
				SWIFT_VERSION = 5.0;
				TARGETED_DEVICE_FAMILY = "1,2";
				TEST_HOST = "$(BUILT_PRODUCTS_DIR)/flickr-image-search.app/flickr-image-search";
			};
			name = Release;
		};
		7D46D646279BBA3400478EEE /* Debug */ = {
			isa = XCBuildConfiguration;
			buildSettings = {
				ALWAYS_EMBED_SWIFT_STANDARD_LIBRARIES = YES;
				CODE_SIGN_STYLE = Automatic;
				CURRENT_PROJECT_VERSION = 1;
				GENERATE_INFOPLIST_FILE = YES;
				LD_RUNPATH_SEARCH_PATHS = (
					"$(inherited)",
					"@executable_path/Frameworks",
					"@loader_path/Frameworks",
				);
				MARKETING_VERSION = 1.0;
				PRODUCT_BUNDLE_IDENTIFIER = "com.mddiwa.flickr-image-searchUITests";
				PRODUCT_NAME = "$(TARGET_NAME)";
				SWIFT_EMIT_LOC_STRINGS = NO;
				SWIFT_VERSION = 5.0;
				TARGETED_DEVICE_FAMILY = "1,2";
				TEST_TARGET_NAME = "flickr-image-search";
			};
			name = Debug;
		};
		7D46D647279BBA3400478EEE /* Release */ = {
			isa = XCBuildConfiguration;
			buildSettings = {
				ALWAYS_EMBED_SWIFT_STANDARD_LIBRARIES = YES;
				CODE_SIGN_STYLE = Automatic;
				CURRENT_PROJECT_VERSION = 1;
				GENERATE_INFOPLIST_FILE = YES;
				LD_RUNPATH_SEARCH_PATHS = (
					"$(inherited)",
					"@executable_path/Frameworks",
					"@loader_path/Frameworks",
				);
				MARKETING_VERSION = 1.0;
				PRODUCT_BUNDLE_IDENTIFIER = "com.mddiwa.flickr-image-searchUITests";
				PRODUCT_NAME = "$(TARGET_NAME)";
				SWIFT_EMIT_LOC_STRINGS = NO;
				SWIFT_VERSION = 5.0;
				TARGETED_DEVICE_FAMILY = "1,2";
				TEST_TARGET_NAME = "flickr-image-search";
			};
			name = Release;
		};
/* End XCBuildConfiguration section */

/* Begin XCConfigurationList section */
		7D46D610279BBA3300478EEE /* Build configuration list for PBXProject "flickr-image-search" */ = {
			isa = XCConfigurationList;
			buildConfigurations = (
				7D46D63D279BBA3400478EEE /* Debug */,
				7D46D63E279BBA3400478EEE /* Release */,
			);
			defaultConfigurationIsVisible = 0;
			defaultConfigurationName = Release;
		};
		7D46D63F279BBA3400478EEE /* Build configuration list for PBXNativeTarget "flickr-image-search" */ = {
			isa = XCConfigurationList;
			buildConfigurations = (
				7D46D640279BBA3400478EEE /* Debug */,
				7D46D641279BBA3400478EEE /* Release */,
			);
			defaultConfigurationIsVisible = 0;
			defaultConfigurationName = Release;
		};
		7D46D642279BBA3400478EEE /* Build configuration list for PBXNativeTarget "flickr-image-searchTests" */ = {
			isa = XCConfigurationList;
			buildConfigurations = (
				7D46D643279BBA3400478EEE /* Debug */,
				7D46D644279BBA3400478EEE /* Release */,
			);
			defaultConfigurationIsVisible = 0;
			defaultConfigurationName = Release;
		};
		7D46D645279BBA3400478EEE /* Build configuration list for PBXNativeTarget "flickr-image-searchUITests" */ = {
			isa = XCConfigurationList;
			buildConfigurations = (
				7D46D646279BBA3400478EEE /* Debug */,
				7D46D647279BBA3400478EEE /* Release */,
			);
			defaultConfigurationIsVisible = 0;
			defaultConfigurationName = Release;
		};
/* End XCConfigurationList section */
	};
	rootObject = 7D46D60D279BBA3300478EEE /* Project object */;
}
